// !$*UTF8*$!
{
	archiveVersion = 1;
	classes = {
	};
	objectVersion = 46;
	objects = {

/* Begin PBXBuildFile section */
		343F79DE1AFAB8CA005F1A87 /* BlockSync.m in Sources */ = {isa = PBXBuildFile; fileRef = 343F79DD1AFAB8CA005F1A87 /* BlockSync.m */; };
		343F7A321AFABBEE005F1A87 /* AsyncWaterfallTests.m in Sources */ = {isa = PBXBuildFile; fileRef = 343F7A311AFABBEE005F1A87 /* AsyncWaterfallTests.m */; };
		34765A1E1AFA84D1005C1A99 /* main.m in Sources */ = {isa = PBXBuildFile; fileRef = 34765A1D1AFA84D1005C1A99 /* main.m */; };
		34765A211AFA84D1005C1A99 /* AppDelegate.m in Sources */ = {isa = PBXBuildFile; fileRef = 34765A201AFA84D1005C1A99 /* AppDelegate.m */; };
		34765A271AFA84D1005C1A99 /* Main.storyboard in Resources */ = {isa = PBXBuildFile; fileRef = 34765A251AFA84D1005C1A99 /* Main.storyboard */; };
		34765A291AFA84D1005C1A99 /* Images.xcassets in Resources */ = {isa = PBXBuildFile; fileRef = 34765A281AFA84D1005C1A99 /* Images.xcassets */; };
		34765A2C1AFA84D1005C1A99 /* LaunchScreen.xib in Resources */ = {isa = PBXBuildFile; fileRef = 34765A2A1AFA84D1005C1A99 /* LaunchScreen.xib */; };
		34765A381AFA84D1005C1A99 /* AsyncForEachTests.m in Sources */ = {isa = PBXBuildFile; fileRef = 34765A371AFA84D1005C1A99 /* AsyncForEachTests.m */; };
/* End PBXBuildFile section */

/* Begin PBXContainerItemProxy section */
		34765A321AFA84D1005C1A99 /* PBXContainerItemProxy */ = {
			isa = PBXContainerItemProxy;
			containerPortal = 34765A101AFA84D1005C1A99 /* Project object */;
			proxyType = 1;
			remoteGlobalIDString = 34765A171AFA84D1005C1A99;
			remoteInfo = Async;
		};
/* End PBXContainerItemProxy section */

/* Begin PBXFileReference section */
		343F79DC1AFAB8CA005F1A87 /* BlockSync.h */ = {isa = PBXFileReference; fileEncoding = 4; lastKnownFileType = sourcecode.c.h; path = BlockSync.h; sourceTree = "<group>"; };
		343F79DD1AFAB8CA005F1A87 /* BlockSync.m */ = {isa = PBXFileReference; fileEncoding = 4; lastKnownFileType = sourcecode.c.objc; path = BlockSync.m; sourceTree = "<group>"; };
		343F7A091AFAB930005F1A87 /* .gitignore */ = {isa = PBXFileReference; fileEncoding = 4; lastKnownFileType = text; path = .gitignore; sourceTree = "<group>"; };
		343F7A0A1AFAB930005F1A87 /* CHANGES.md */ = {isa = PBXFileReference; fileEncoding = 4; lastKnownFileType = net.daringfireball.markdown; path = CHANGES.md; sourceTree = "<group>"; };
		343F7A0B1AFAB930005F1A87 /* cleancov */ = {isa = PBXFileReference; fileEncoding = 4; lastKnownFileType = text.script.sh; path = cleancov; sourceTree = "<group>"; };
		343F7A0C1AFAB930005F1A87 /* envcov.sh */ = {isa = PBXFileReference; fileEncoding = 4; lastKnownFileType = text.script.sh; path = envcov.sh; sourceTree = "<group>"; };
		343F7A0D1AFAB930005F1A87 /* exportenv.sh */ = {isa = PBXFileReference; fileEncoding = 4; lastKnownFileType = text.script.sh; path = exportenv.sh; sourceTree = "<group>"; };
		343F7A0E1AFAB930005F1A87 /* getcov */ = {isa = PBXFileReference; fileEncoding = 4; lastKnownFileType = text.script.sh; path = getcov; sourceTree = "<group>"; };
		343F7A111AFAB930005F1A87 /* gendesc */ = {isa = PBXFileReference; fileEncoding = 4; lastKnownFileType = text.script.perl; path = gendesc; sourceTree = "<group>"; };
		343F7A121AFAB930005F1A87 /* genhtml */ = {isa = PBXFileReference; fileEncoding = 4; lastKnownFileType = text.script.perl; path = genhtml; sourceTree = "<group>"; };
		343F7A131AFAB930005F1A87 /* geninfo */ = {isa = PBXFileReference; fileEncoding = 4; lastKnownFileType = text.script.perl; path = geninfo; sourceTree = "<group>"; };
		343F7A141AFAB930005F1A87 /* genpng */ = {isa = PBXFileReference; fileEncoding = 4; lastKnownFileType = text.script.perl; path = genpng; sourceTree = "<group>"; };
		343F7A151AFAB930005F1A87 /* lcov */ = {isa = PBXFileReference; fileEncoding = 4; lastKnownFileType = text.script.perl; path = lcov; sourceTree = "<group>"; };
		343F7A161AFAB930005F1A87 /* COPYING */ = {isa = PBXFileReference; fileEncoding = 4; lastKnownFileType = text; path = COPYING; sourceTree = "<group>"; };
		343F7A171AFAB930005F1A87 /* lcov_cobertura.py */ = {isa = PBXFileReference; fileEncoding = 4; lastKnownFileType = text.script.python; path = lcov_cobertura.py; sourceTree = "<group>"; };
		343F7A181AFAB930005F1A87 /* LICENSE.txt */ = {isa = PBXFileReference; fileEncoding = 4; lastKnownFileType = text; path = LICENSE.txt; sourceTree = "<group>"; };
		343F7A191AFAB930005F1A87 /* llvm-cov-wrapper.sh */ = {isa = PBXFileReference; fileEncoding = 4; lastKnownFileType = text.script.sh; path = "llvm-cov-wrapper.sh"; sourceTree = "<group>"; };
		343F7A1A1AFAB930005F1A87 /* README.md */ = {isa = PBXFileReference; fileEncoding = 4; lastKnownFileType = net.daringfireball.markdown; path = README.md; sourceTree = "<group>"; };
		343F7A1B1AFAB930005F1A87 /* run_code_coverage_post.sh */ = {isa = PBXFileReference; fileEncoding = 4; lastKnownFileType = text.script.sh; path = run_code_coverage_post.sh; sourceTree = "<group>"; };
		343F7A1C1AFAB930005F1A87 /* XcodeCoverage.podspec */ = {isa = PBXFileReference; fileEncoding = 4; lastKnownFileType = text; path = XcodeCoverage.podspec; sourceTree = "<group>"; };
		343F7A1D1AFAB930005F1A87 /* XcodeCoverage.xcconfig */ = {isa = PBXFileReference; fileEncoding = 4; lastKnownFileType = text.xcconfig; path = XcodeCoverage.xcconfig; sourceTree = "<group>"; };
		343F7A311AFABBEE005F1A87 /* AsyncWaterfallTests.m */ = {isa = PBXFileReference; fileEncoding = 4; lastKnownFileType = sourcecode.c.objc; path = AsyncWaterfallTests.m; sourceTree = "<group>"; };
		34765A181AFA84D1005C1A99 /* Async.app */ = {isa = PBXFileReference; explicitFileType = wrapper.application; includeInIndex = 0; path = Async.app; sourceTree = BUILT_PRODUCTS_DIR; };
		34765A1C1AFA84D1005C1A99 /* Info.plist */ = {isa = PBXFileReference; lastKnownFileType = text.plist.xml; path = Info.plist; sourceTree = "<group>"; };
		34765A1D1AFA84D1005C1A99 /* main.m */ = {isa = PBXFileReference; lastKnownFileType = sourcecode.c.objc; path = main.m; sourceTree = "<group>"; };
		34765A1F1AFA84D1005C1A99 /* AppDelegate.h */ = {isa = PBXFileReference; lastKnownFileType = sourcecode.c.h; path = AppDelegate.h; sourceTree = "<group>"; };
		34765A201AFA84D1005C1A99 /* AppDelegate.m */ = {isa = PBXFileReference; lastKnownFileType = sourcecode.c.objc; path = AppDelegate.m; sourceTree = "<group>"; };
		34765A261AFA84D1005C1A99 /* Base */ = {isa = PBXFileReference; lastKnownFileType = file.storyboard; name = Base; path = Base.lproj/Main.storyboard; sourceTree = "<group>"; };
		34765A281AFA84D1005C1A99 /* Images.xcassets */ = {isa = PBXFileReference; lastKnownFileType = folder.assetcatalog; path = Images.xcassets; sourceTree = "<group>"; };
		34765A2B1AFA84D1005C1A99 /* Base */ = {isa = PBXFileReference; lastKnownFileType = file.xib; name = Base; path = Base.lproj/LaunchScreen.xib; sourceTree = "<group>"; };
		34765A311AFA84D1005C1A99 /* AsyncTests.xctest */ = {isa = PBXFileReference; explicitFileType = wrapper.cfbundle; includeInIndex = 0; path = AsyncTests.xctest; sourceTree = BUILT_PRODUCTS_DIR; };
		34765A361AFA84D1005C1A99 /* Info.plist */ = {isa = PBXFileReference; lastKnownFileType = text.plist.xml; path = Info.plist; sourceTree = "<group>"; };
		34765A371AFA84D1005C1A99 /* AsyncForEachTests.m */ = {isa = PBXFileReference; lastKnownFileType = sourcecode.c.objc; path = AsyncForEachTests.m; sourceTree = "<group>"; };
		3E0F77A066C4335D949AC39B /* Pods.release.xcconfig */ = {isa = PBXFileReference; includeInIndex = 1; lastKnownFileType = text.xcconfig; name = Pods.release.xcconfig; path = "Pods/Target Support Files/Pods/Pods.release.xcconfig"; sourceTree = "<group>"; };
		AB12A36CECF1F71B9764A6C0 /* Pods.debug.xcconfig */ = {isa = PBXFileReference; includeInIndex = 1; lastKnownFileType = text.xcconfig; name = Pods.debug.xcconfig; path = "Pods/Target Support Files/Pods/Pods.debug.xcconfig"; sourceTree = "<group>"; };
		FC670064D335676840A70778 /* libPods.a */ = {isa = PBXFileReference; explicitFileType = archive.ar; includeInIndex = 0; path = libPods.a; sourceTree = BUILT_PRODUCTS_DIR; };
/* End PBXFileReference section */

/* Begin PBXFrameworksBuildPhase section */
		34765A151AFA84D1005C1A99 /* Frameworks */ = {
			isa = PBXFrameworksBuildPhase;
			buildActionMask = 2147483647;
			files = (
			);
			runOnlyForDeploymentPostprocessing = 0;
		};
		34765A2E1AFA84D1005C1A99 /* Frameworks */ = {
			isa = PBXFrameworksBuildPhase;
			buildActionMask = 2147483647;
			files = (
			);
			runOnlyForDeploymentPostprocessing = 0;
		};
/* End PBXFrameworksBuildPhase section */

/* Begin PBXGroup section */
		343F79DB1AFAB8CA005F1A87 /* BlockSync */ = {
			isa = PBXGroup;
			children = (
				343F79DC1AFAB8CA005F1A87 /* BlockSync.h */,
				343F79DD1AFAB8CA005F1A87 /* BlockSync.m */,
			);
			name = BlockSync;
			path = ../BlockSync;
			sourceTree = "<group>";
		};
		343F7A081AFAB930005F1A87 /* XcodeCoverage */ = {
			isa = PBXGroup;
			children = (
				343F7A091AFAB930005F1A87 /* .gitignore */,
				343F7A0A1AFAB930005F1A87 /* CHANGES.md */,
				343F7A0B1AFAB930005F1A87 /* cleancov */,
				343F7A0C1AFAB930005F1A87 /* envcov.sh */,
				343F7A0D1AFAB930005F1A87 /* exportenv.sh */,
				343F7A0E1AFAB930005F1A87 /* getcov */,
				343F7A0F1AFAB930005F1A87 /* lcov-1.11 */,
				343F7A171AFAB930005F1A87 /* lcov_cobertura.py */,
				343F7A181AFAB930005F1A87 /* LICENSE.txt */,
				343F7A191AFAB930005F1A87 /* llvm-cov-wrapper.sh */,
				343F7A1A1AFAB930005F1A87 /* README.md */,
				343F7A1B1AFAB930005F1A87 /* run_code_coverage_post.sh */,
				343F7A1C1AFAB930005F1A87 /* XcodeCoverage.podspec */,
				343F7A1D1AFAB930005F1A87 /* XcodeCoverage.xcconfig */,
			);
			path = XcodeCoverage;
			sourceTree = "<group>";
		};
		343F7A0F1AFAB930005F1A87 /* lcov-1.11 */ = {
			isa = PBXGroup;
			children = (
				343F7A101AFAB930005F1A87 /* bin */,
				343F7A161AFAB930005F1A87 /* COPYING */,
			);
			path = "lcov-1.11";
			sourceTree = "<group>";
		};
		343F7A101AFAB930005F1A87 /* bin */ = {
			isa = PBXGroup;
			children = (
				343F7A111AFAB930005F1A87 /* gendesc */,
				343F7A121AFAB930005F1A87 /* genhtml */,
				343F7A131AFAB930005F1A87 /* geninfo */,
				343F7A141AFAB930005F1A87 /* genpng */,
				343F7A151AFAB930005F1A87 /* lcov */,
			);
			path = bin;
			sourceTree = "<group>";
		};
		34765A0F1AFA84D1005C1A99 = {
			isa = PBXGroup;
			children = (
				343F79DB1AFAB8CA005F1A87 /* BlockSync */,
				343F7A081AFAB930005F1A87 /* XcodeCoverage */,
				34765A1A1AFA84D1005C1A99 /* Async */,
				34765A341AFA84D1005C1A99 /* AsyncTests */,
				34765A191AFA84D1005C1A99 /* Products */,
				FE300EB40C920F270FB07839 /* Pods */,
				3637CF4987E71090AF5A0FD2 /* Frameworks */,
			);
			sourceTree = "<group>";
		};
		34765A191AFA84D1005C1A99 /* Products */ = {
			isa = PBXGroup;
			children = (
				34765A181AFA84D1005C1A99 /* Async.app */,
				34765A311AFA84D1005C1A99 /* AsyncTests.xctest */,
			);
			name = Products;
			sourceTree = "<group>";
		};
		34765A1A1AFA84D1005C1A99 /* Async */ = {
			isa = PBXGroup;
			children = (
				34765A1F1AFA84D1005C1A99 /* AppDelegate.h */,
				34765A201AFA84D1005C1A99 /* AppDelegate.m */,
				34765A251AFA84D1005C1A99 /* Main.storyboard */,
				34765A281AFA84D1005C1A99 /* Images.xcassets */,
				34765A2A1AFA84D1005C1A99 /* LaunchScreen.xib */,
				34765A1B1AFA84D1005C1A99 /* Supporting Files */,
			);
			path = Async;
			sourceTree = "<group>";
		};
		34765A1B1AFA84D1005C1A99 /* Supporting Files */ = {
			isa = PBXGroup;
			children = (
				34765A1C1AFA84D1005C1A99 /* Info.plist */,
				34765A1D1AFA84D1005C1A99 /* main.m */,
			);
			name = "Supporting Files";
			sourceTree = "<group>";
		};
		34765A341AFA84D1005C1A99 /* AsyncTests */ = {
			isa = PBXGroup;
			children = (
				34765A371AFA84D1005C1A99 /* AsyncForEachTests.m */,
				343F7A311AFABBEE005F1A87 /* AsyncWaterfallTests.m */,
				34765A351AFA84D1005C1A99 /* Supporting Files */,
			);
			path = AsyncTests;
			sourceTree = "<group>";
		};
		34765A351AFA84D1005C1A99 /* Supporting Files */ = {
			isa = PBXGroup;
			children = (
				34765A361AFA84D1005C1A99 /* Info.plist */,
			);
			name = "Supporting Files";
			sourceTree = "<group>";
		};
		3637CF4987E71090AF5A0FD2 /* Frameworks */ = {
			isa = PBXGroup;
			children = (
				FC670064D335676840A70778 /* libPods.a */,
			);
			name = Frameworks;
			sourceTree = "<group>";
		};
		FE300EB40C920F270FB07839 /* Pods */ = {
			isa = PBXGroup;
			children = (
				AB12A36CECF1F71B9764A6C0 /* Pods.debug.xcconfig */,
				3E0F77A066C4335D949AC39B /* Pods.release.xcconfig */,
			);
			name = Pods;
			sourceTree = "<group>";
		};
/* End PBXGroup section */

/* Begin PBXNativeTarget section */
		34765A171AFA84D1005C1A99 /* Async */ = {
			isa = PBXNativeTarget;
			buildConfigurationList = 34765A3B1AFA84D1005C1A99 /* Build configuration list for PBXNativeTarget "Async" */;
			buildPhases = (
				34765A141AFA84D1005C1A99 /* Sources */,
				34765A151AFA84D1005C1A99 /* Frameworks */,
				34765A161AFA84D1005C1A99 /* Resources */,
				34EF63561AFAB5DE00C9E947 /* ShellScript */,
			);
			buildRules = (
			);
			dependencies = (
			);
			name = Async;
			productName = Async;
			productReference = 34765A181AFA84D1005C1A99 /* Async.app */;
			productType = "com.apple.product-type.application";
		};
		34765A301AFA84D1005C1A99 /* AsyncTests */ = {
			isa = PBXNativeTarget;
			buildConfigurationList = 34765A3E1AFA84D1005C1A99 /* Build configuration list for PBXNativeTarget "AsyncTests" */;
			buildPhases = (
				34765A2D1AFA84D1005C1A99 /* Sources */,
				34765A2E1AFA84D1005C1A99 /* Frameworks */,
				34765A2F1AFA84D1005C1A99 /* Resources */,
			);
			buildRules = (
			);
			dependencies = (
				34765A331AFA84D1005C1A99 /* PBXTargetDependency */,
			);
			name = AsyncTests;
			productName = AsyncTests;
			productReference = 34765A311AFA84D1005C1A99 /* AsyncTests.xctest */;
			productType = "com.apple.product-type.bundle.unit-test";
		};
/* End PBXNativeTarget section */

/* Begin PBXProject section */
		34765A101AFA84D1005C1A99 /* Project object */ = {
			isa = PBXProject;
			attributes = {
				LastUpgradeCheck = 0630;
				ORGANIZATIONNAME = "Ryan Copley";
				TargetAttributes = {
					34765A171AFA84D1005C1A99 = {
						CreatedOnToolsVersion = 6.3.1;
					};
					34765A301AFA84D1005C1A99 = {
						CreatedOnToolsVersion = 6.3.1;
						TestTargetID = 34765A171AFA84D1005C1A99;
					};
				};
			};
			buildConfigurationList = 34765A131AFA84D1005C1A99 /* Build configuration list for PBXProject "Async" */;
			compatibilityVersion = "Xcode 3.2";
			developmentRegion = English;
			hasScannedForEncodings = 0;
			knownRegions = (
				en,
				Base,
			);
			mainGroup = 34765A0F1AFA84D1005C1A99;
			productRefGroup = 34765A191AFA84D1005C1A99 /* Products */;
			projectDirPath = "";
			projectRoot = "";
			targets = (
				34765A171AFA84D1005C1A99 /* Async */,
				34765A301AFA84D1005C1A99 /* AsyncTests */,
			);
		};
/* End PBXProject section */

/* Begin PBXResourcesBuildPhase section */
		34765A161AFA84D1005C1A99 /* Resources */ = {
			isa = PBXResourcesBuildPhase;
			buildActionMask = 2147483647;
			files = (
				34765A271AFA84D1005C1A99 /* Main.storyboard in Resources */,
				34765A2C1AFA84D1005C1A99 /* LaunchScreen.xib in Resources */,
				34765A291AFA84D1005C1A99 /* Images.xcassets in Resources */,
			);
			runOnlyForDeploymentPostprocessing = 0;
		};
		34765A2F1AFA84D1005C1A99 /* Resources */ = {
			isa = PBXResourcesBuildPhase;
			buildActionMask = 2147483647;
			files = (
			);
			runOnlyForDeploymentPostprocessing = 0;
		};
/* End PBXResourcesBuildPhase section */

/* Begin PBXShellScriptBuildPhase section */
		34EF63561AFAB5DE00C9E947 /* ShellScript */ = {
			isa = PBXShellScriptBuildPhase;
			buildActionMask = 2147483647;
			files = (
			);
			inputPaths = (
			);
			outputPaths = (
			);
			runOnlyForDeploymentPostprocessing = 0;
			shellPath = /bin/sh;
			shellScript = "export | egrep '(BUILT_PRODUCTS_DIR)|(CURRENT_ARCH)|(OBJECT_FILE_DIR_normal)|(SRCROOT)|(OBJROOT)' > ../xcenv.sh";
		};
/* End PBXShellScriptBuildPhase section */

/* Begin PBXSourcesBuildPhase section */
		34765A141AFA84D1005C1A99 /* Sources */ = {
			isa = PBXSourcesBuildPhase;
			buildActionMask = 2147483647;
			files = (
				34765A211AFA84D1005C1A99 /* AppDelegate.m in Sources */,
				343F79DE1AFAB8CA005F1A87 /* BlockSync.m in Sources */,
				34765A1E1AFA84D1005C1A99 /* main.m in Sources */,
			);
			runOnlyForDeploymentPostprocessing = 0;
		};
		34765A2D1AFA84D1005C1A99 /* Sources */ = {
			isa = PBXSourcesBuildPhase;
			buildActionMask = 2147483647;
			files = (
				34765A381AFA84D1005C1A99 /* AsyncForEachTests.m in Sources */,
				343F7A321AFABBEE005F1A87 /* AsyncWaterfallTests.m in Sources */,
			);
			runOnlyForDeploymentPostprocessing = 0;
		};
/* End PBXSourcesBuildPhase section */

/* Begin PBXTargetDependency section */
		34765A331AFA84D1005C1A99 /* PBXTargetDependency */ = {
			isa = PBXTargetDependency;
			target = 34765A171AFA84D1005C1A99 /* Async */;
			targetProxy = 34765A321AFA84D1005C1A99 /* PBXContainerItemProxy */;
		};
/* End PBXTargetDependency section */

/* Begin PBXVariantGroup section */
		34765A251AFA84D1005C1A99 /* Main.storyboard */ = {
			isa = PBXVariantGroup;
			children = (
				34765A261AFA84D1005C1A99 /* Base */,
			);
			name = Main.storyboard;
			sourceTree = "<group>";
		};
		34765A2A1AFA84D1005C1A99 /* LaunchScreen.xib */ = {
			isa = PBXVariantGroup;
			children = (
				34765A2B1AFA84D1005C1A99 /* Base */,
			);
			name = LaunchScreen.xib;
			sourceTree = "<group>";
		};
/* End PBXVariantGroup section */

/* Begin XCBuildConfiguration section */
		34765A391AFA84D1005C1A99 /* Debug */ = {
			isa = XCBuildConfiguration;
			buildSettings = {
				ALWAYS_SEARCH_USER_PATHS = NO;
				CLANG_CXX_LANGUAGE_STANDARD = "gnu++0x";
				CLANG_CXX_LIBRARY = "libc++";
				CLANG_ENABLE_MODULES = YES;
				CLANG_ENABLE_OBJC_ARC = YES;
				CLANG_WARN_BOOL_CONVERSION = YES;
				CLANG_WARN_CONSTANT_CONVERSION = YES;
				CLANG_WARN_DIRECT_OBJC_ISA_USAGE = YES_ERROR;
				CLANG_WARN_EMPTY_BODY = YES;
				CLANG_WARN_ENUM_CONVERSION = YES;
				CLANG_WARN_INT_CONVERSION = YES;
				CLANG_WARN_OBJC_ROOT_CLASS = YES_ERROR;
				CLANG_WARN_UNREACHABLE_CODE = YES;
				CLANG_WARN__DUPLICATE_METHOD_MATCH = YES;
				"CODE_SIGN_IDENTITY[sdk=iphoneos*]" = "iPhone Developer";
				COPY_PHASE_STRIP = NO;
				DEBUG_INFORMATION_FORMAT = "dwarf-with-dsym";
				ENABLE_STRICT_OBJC_MSGSEND = YES;
				GCC_C_LANGUAGE_STANDARD = gnu99;
				GCC_DYNAMIC_NO_PIC = NO;
				GCC_GENERATE_TEST_COVERAGE_FILES = YES;
				GCC_INSTRUMENT_PROGRAM_FLOW_ARCS = YES;
				GCC_NO_COMMON_BLOCKS = YES;
				GCC_OPTIMIZATION_LEVEL = 0;
				GCC_PREPROCESSOR_DEFINITIONS = (
					"DEBUG=1",
					"$(inherited)",
				);
				GCC_SYMBOLS_PRIVATE_EXTERN = NO;
				GCC_WARN_64_TO_32_BIT_CONVERSION = YES;
				GCC_WARN_ABOUT_RETURN_TYPE = YES_ERROR;
				GCC_WARN_UNDECLARED_SELECTOR = YES;
				GCC_WARN_UNINITIALIZED_AUTOS = YES_AGGRESSIVE;
				GCC_WARN_UNUSED_FUNCTION = YES;
				GCC_WARN_UNUSED_VARIABLE = YES;
				IPHONEOS_DEPLOYMENT_TARGET = 8.1;
				MTL_ENABLE_DEBUG_INFO = YES;
				ONLY_ACTIVE_ARCH = YES;
				SDKROOT = iphoneos;
				TARGETED_DEVICE_FAMILY = "1,2";
			};
			name = Debug;
		};
		34765A3A1AFA84D1005C1A99 /* Release */ = {
			isa = XCBuildConfiguration;
			buildSettings = {
				ALWAYS_SEARCH_USER_PATHS = NO;
				CLANG_CXX_LANGUAGE_STANDARD = "gnu++0x";
				CLANG_CXX_LIBRARY = "libc++";
				CLANG_ENABLE_MODULES = YES;
				CLANG_ENABLE_OBJC_ARC = YES;
				CLANG_WARN_BOOL_CONVERSION = YES;
				CLANG_WARN_CONSTANT_CONVERSION = YES;
				CLANG_WARN_DIRECT_OBJC_ISA_USAGE = YES_ERROR;
				CLANG_WARN_EMPTY_BODY = YES;
				CLANG_WARN_ENUM_CONVERSION = YES;
				CLANG_WARN_INT_CONVERSION = YES;
				CLANG_WARN_OBJC_ROOT_CLASS = YES_ERROR;
				CLANG_WARN_UNREACHABLE_CODE = YES;
				CLANG_WARN__DUPLICATE_METHOD_MATCH = YES;
				"CODE_SIGN_IDENTITY[sdk=iphoneos*]" = "iPhone Developer";
				COPY_PHASE_STRIP = NO;
				DEBUG_INFORMATION_FORMAT = "dwarf-with-dsym";
				ENABLE_NS_ASSERTIONS = NO;
				ENABLE_STRICT_OBJC_MSGSEND = YES;
				GCC_C_LANGUAGE_STANDARD = gnu99;
				GCC_GENERATE_TEST_COVERAGE_FILES = YES;
				GCC_INSTRUMENT_PROGRAM_FLOW_ARCS = YES;
				GCC_NO_COMMON_BLOCKS = YES;
				GCC_WARN_64_TO_32_BIT_CONVERSION = YES;
				GCC_WARN_ABOUT_RETURN_TYPE = YES_ERROR;
				GCC_WARN_UNDECLARED_SELECTOR = YES;
				GCC_WARN_UNINITIALIZED_AUTOS = YES_AGGRESSIVE;
				GCC_WARN_UNUSED_FUNCTION = YES;
				GCC_WARN_UNUSED_VARIABLE = YES;
				IPHONEOS_DEPLOYMENT_TARGET = 8.1;
				MTL_ENABLE_DEBUG_INFO = NO;
				SDKROOT = iphoneos;
				TARGETED_DEVICE_FAMILY = "1,2";
				VALIDATE_PRODUCT = YES;
			};
			name = Release;
		};
		34765A3C1AFA84D1005C1A99 /* Debug */ = {
			isa = XCBuildConfiguration;
			baseConfigurationReference = 343F7A1D1AFAB930005F1A87 /* XcodeCoverage.xcconfig */;
			buildSettings = {
				ASSETCATALOG_COMPILER_APPICON_NAME = AppIcon;
				INFOPLIST_FILE = Async/Info.plist;
				IPHONEOS_DEPLOYMENT_TARGET = 8.0;
				LD_RUNPATH_SEARCH_PATHS = "$(inherited) @executable_path/Frameworks";
				PRODUCT_NAME = "$(TARGET_NAME)";
			};
			name = Debug;
		};
		34765A3D1AFA84D1005C1A99 /* Release */ = {
			isa = XCBuildConfiguration;
			buildSettings = {
				ASSETCATALOG_COMPILER_APPICON_NAME = AppIcon;
				INFOPLIST_FILE = Async/Info.plist;
				IPHONEOS_DEPLOYMENT_TARGET = 8.0;
				LD_RUNPATH_SEARCH_PATHS = "$(inherited) @executable_path/Frameworks";
				PRODUCT_NAME = "$(TARGET_NAME)";
			};
			name = Release;
		};
		34765A3F1AFA84D1005C1A99 /* Debug */ = {
			isa = XCBuildConfiguration;
			buildSettings = {
				BUNDLE_LOADER = "$(TEST_HOST)";
				FRAMEWORK_SEARCH_PATHS = (
					"$(SDKROOT)/Developer/Library/Frameworks",
					"$(inherited)",
				);
				GCC_PREPROCESSOR_DEFINITIONS = (
					"DEBUG=1",
					"$(inherited)",
				);
				INFOPLIST_FILE = AsyncTests/Info.plist;
				LD_RUNPATH_SEARCH_PATHS = "$(inherited) @executable_path/Frameworks @loader_path/Frameworks";
				PRODUCT_NAME = "$(TARGET_NAME)";
				TEST_HOST = "$(BUILT_PRODUCTS_DIR)/Async.app/Async";
			};
			name = Debug;
		};
		34765A401AFA84D1005C1A99 /* Release */ = {
			isa = XCBuildConfiguration;
			buildSettings = {
				BUNDLE_LOADER = "$(TEST_HOST)";
				FRAMEWORK_SEARCH_PATHS = (
					"$(SDKROOT)/Developer/Library/Frameworks",
					"$(inherited)",
				);
				INFOPLIST_FILE = AsyncTests/Info.plist;
				LD_RUNPATH_SEARCH_PATHS = "$(inherited) @executable_path/Frameworks @loader_path/Frameworks";
				PRODUCT_NAME = "$(TARGET_NAME)";
				TEST_HOST = "$(BUILT_PRODUCTS_DIR)/Async.app/Async";
			};
			name = Release;
		};
/* End XCBuildConfiguration section */

/* Begin XCConfigurationList section */
		34765A131AFA84D1005C1A99 /* Build configuration list for PBXProject "Async" */ = {
			isa = XCConfigurationList;
			buildConfigurations = (
				34765A391AFA84D1005C1A99 /* Debug */,
				34765A3A1AFA84D1005C1A99 /* Release */,
			);
			defaultConfigurationIsVisible = 0;
			defaultConfigurationName = Release;
		};
		34765A3B1AFA84D1005C1A99 /* Build configuration list for PBXNativeTarget "Async" */ = {
			isa = XCConfigurationList;
			buildConfigurations = (
				34765A3C1AFA84D1005C1A99 /* Debug */,
				34765A3D1AFA84D1005C1A99 /* Release */,
			);
			defaultConfigurationIsVisible = 0;
			defaultConfigurationName = Release;
		};
		34765A3E1AFA84D1005C1A99 /* Build configuration list for PBXNativeTarget "AsyncTests" */ = {
			isa = XCConfigurationList;
			buildConfigurations = (
				34765A3F1AFA84D1005C1A99 /* Debug */,
				34765A401AFA84D1005C1A99 /* Release */,
			);
			defaultConfigurationIsVisible = 0;
			defaultConfigurationName = Release;
		};
/* End XCConfigurationList section */
	};
	rootObject = 34765A101AFA84D1005C1A99 /* Project object */;
}
